
Microsoft Visual Studio Solution File, Format Version 12.00
# Visual Studio Version 17
VisualStudioVersion = 17.4.33205.214
MinimumVisualStudioVersion = 10.0.40219.1
Project("{9A19103F-16F7-4668-BE54-9A1E7A4F7556}") = "M03_API_Municipalite", "DSED_M03_REST01\M03_API_Municipalite.csproj", "{27E79A5A-217F-4E19-ACE5-7B6476B719D1}"
EndProject
Project("{FAE04EC0-301F-11D3-BF4B-00C04F79EFBC}") = "M03_Srv_Municipalite", "M03_Srv_Municipalite\M03_Srv_Municipalite.csproj", "{D92E6ED9-BB3C-402E-8342-03ABA34B368D}"
EndProject
Project("{FAE04EC0-301F-11D3-BF4B-00C04F79EFBC}") = "M03_DAL_Municipalite", "M03_DAL_Municipalite\M03_DAL_Municipalite.csproj", "{5F823915-7398-421A-80AD-A074DBE52C49}"
EndProject
Global
	GlobalSection(SolutionConfigurationPlatforms) = preSolution
		Debug|Any CPU = Debug|Any CPU
		Release|Any CPU = Release|Any CPU
	EndGlobalSection
	GlobalSection(ProjectConfigurationPlatforms) = postSolution
		{27E79A5A-217F-4E19-ACE5-7B6476B719D1}.Debug|Any CPU.ActiveCfg = Debug|Any CPU
		{27E79A5A-217F-4E19-ACE5-7B6476B719D1}.Debug|Any CPU.Build.0 = Debug|Any CPU
		{27E79A5A-217F-4E19-ACE5-7B6476B719D1}.Release|Any CPU.ActiveCfg = Release|Any CPU
		{27E79A5A-217F-4E19-ACE5-7B6476B719D1}.Release|Any CPU.Build.0 = Release|Any CPU
		{D92E6ED9-BB3C-402E-8342-03ABA34B368D}.Debug|Any CPU.ActiveCfg = Debug|Any CPU
		{D92E6ED9-BB3C-402E-8342-03ABA34B368D}.Debug|Any CPU.Build.0 = Debug|Any CPU
		{D92E6ED9-BB3C-402E-8342-03ABA34B368D}.Release|Any CPU.ActiveCfg = Release|Any CPU
		{D92E6ED9-BB3C-402E-8342-03ABA34B368D}.Release|Any CPU.Build.0 = Release|Any CPU
		{5F823915-7398-421A-80AD-A074DBE52C49}.Debug|Any CPU.ActiveCfg = Debug|Any CPU
		{5F823915-7398-421A-80AD-A074DBE52C49}.Debug|Any CPU.Build.0 = Debug|Any CPU
		{5F823915-7398-421A-80AD-A074DBE52C49}.Release|Any CPU.ActiveCfg = Release|Any CPU
		{5F823915-7398-421A-80AD-A074DBE52C49}.Release|Any CPU.Build.0 = Release|Any CPU
	EndGlobalSection
	GlobalSection(SolutionProperties) = preSolution
		HideSolutionNode = FALSE
	EndGlobalSection
	GlobalSection(ExtensibilityGlobals) = postSolution
		SolutionGuid = {5DC8A4CF-6F30-4CF1-BD33-30485DDCEA30}
	EndGlobalSection
EndGlobal
